// !$*UTF8*$!
{
	archiveVersion = 1;
	classes = {
	};
	objectVersion = 50;
	objects = {

/* Begin PBXBuildFile section */
		D624019A22F12EC10000FA31 /* AppDelegate.swift in Sources */ = {isa = PBXBuildFile; fileRef = D624019922F12EC10000FA31 /* AppDelegate.swift */; };
		D624019C22F12EC10000FA31 /* SceneDelegate.swift in Sources */ = {isa = PBXBuildFile; fileRef = D624019B22F12EC10000FA31 /* SceneDelegate.swift */; };
		D624019E22F12EC10000FA31 /* ViewController.swift in Sources */ = {isa = PBXBuildFile; fileRef = D624019D22F12EC10000FA31 /* ViewController.swift */; };
		D62401A122F12EC10000FA31 /* Main.storyboard in Resources */ = {isa = PBXBuildFile; fileRef = D624019F22F12EC10000FA31 /* Main.storyboard */; };
		D62401A322F12EC20000FA31 /* Assets.xcassets in Resources */ = {isa = PBXBuildFile; fileRef = D62401A222F12EC20000FA31 /* Assets.xcassets */; };
		D62401A622F12EC20000FA31 /* LaunchScreen.storyboard in Resources */ = {isa = PBXBuildFile; fileRef = D62401A422F12EC20000FA31 /* LaunchScreen.storyboard */; };
/* End PBXBuildFile section */

/* Begin PBXFileReference section */
		D624019622F12EC10000FA31 /* lab2-exercise.app */ = {isa = PBXFileReference; explicitFileType = wrapper.application; includeInIndex = 0; path = "lab2-exercise.app"; sourceTree = BUILT_PRODUCTS_DIR; };
		D624019922F12EC10000FA31 /* AppDelegate.swift */ = {isa = PBXFileReference; lastKnownFileType = sourcecode.swift; path = AppDelegate.swift; sourceTree = "<group>"; };
		D624019B22F12EC10000FA31 /* SceneDelegate.swift */ = {isa = PBXFileReference; lastKnownFileType = sourcecode.swift; path = SceneDelegate.swift; sourceTree = "<group>"; };
		D624019D22F12EC10000FA31 /* ViewController.swift */ = {isa = PBXFileReference; lastKnownFileType = sourcecode.swift; path = ViewController.swift; sourceTree = "<group>"; };
		D62401A022F12EC10000FA31 /* Base */ = {isa = PBXFileReference; lastKnownFileType = file.storyboard; name = Base; path = Base.lproj/Main.storyboard; sourceTree = "<group>"; };
		D62401A222F12EC20000FA31 /* Assets.xcassets */ = {isa = PBXFileReference; lastKnownFileType = folder.assetcatalog; path = Assets.xcassets; sourceTree = "<group>"; };
		D62401A522F12EC20000FA31 /* Base */ = {isa = PBXFileReference; lastKnownFileType = file.storyboard; name = Base; path = Base.lproj/LaunchScreen.storyboard; sourceTree = "<group>"; };
		D62401A722F12EC20000FA31 /* Info.plist */ = {isa = PBXFileReference; lastKnownFileType = text.plist.xml; path = Info.plist; sourceTree = "<group>"; };
/* End PBXFileReference section */

/* Begin PBXFrameworksBuildPhase section */
		D624019322F12EC10000FA31 /* Frameworks */ = {
			isa = PBXFrameworksBuildPhase;
			buildActionMask = 2147483647;
			files = (
			);
			runOnlyForDeploymentPostprocessing = 0;
		};
/* End PBXFrameworksBuildPhase section */

/* Begin PBXGroup section */
		D624018D22F12EC10000FA31 = {
			isa = PBXGroup;
			children = (
				D624019822F12EC10000FA31 /* lab2-exercise */,
				D624019722F12EC10000FA31 /* Products */,
			);
			sourceTree = "<group>";
		};
		D624019722F12EC10000FA31 /* Products */ = {
			isa = PBXGroup;
			children = (
				D624019622F12EC10000FA31 /* lab2-exercise.app */,
			);
			name = Products;
			sourceTree = "<group>";
		};
		D624019822F12EC10000FA31 /* lab2-exercise */ = {
			isa = PBXGroup;
			children = (
				D624019922F12EC10000FA31 /* AppDelegate.swift */,
				D624019B22F12EC10000FA31 /* SceneDelegate.swift */,
				D624019D22F12EC10000FA31 /* ViewController.swift */,
				D624019F22F12EC10000FA31 /* Main.storyboard */,
				D62401A222F12EC20000FA31 /* Assets.xcassets */,
				D62401A422F12EC20000FA31 /* LaunchScreen.storyboard */,
				D62401A722F12EC20000FA31 /* Info.plist */,
			);
			path = "lab2-exercise";
			sourceTree = "<group>";
		};
/* End PBXGroup section */

/* Begin PBXNativeTarget section */
		D624019522F12EC10000FA31 /* lab2-exercise */ = {
			isa = PBXNativeTarget;
			buildConfigurationList = D62401AA22F12EC20000FA31 /* Build configuration list for PBXNativeTarget "lab2-exercise" */;
			buildPhases = (
				D624019222F12EC10000FA31 /* Sources */,
				D624019322F12EC10000FA31 /* Frameworks */,
				D624019422F12EC10000FA31 /* Resources */,
			);
			buildRules = (
			);
			dependencies = (
			);
			name = "lab2-exercise";
			productName = "lab2-exercise";
			productReference = D624019622F12EC10000FA31 /* lab2-exercise.app */;
			productType = "com.apple.product-type.application";
		};
/* End PBXNativeTarget section */

/* Begin PBXProject section */
		D624018E22F12EC10000FA31 /* Project object */ = {
			isa = PBXProject;
			attributes = {
				LastSwiftUpdateCheck = 1100;
				LastUpgradeCheck = 1100;
				ORGANIZATIONNAME = taizhou;
				TargetAttributes = {
					D624019522F12EC10000FA31 = {
						CreatedOnToolsVersion = 11.0;
					};
				};
			};
			buildConfigurationList = D624019122F12EC10000FA31 /* Build configuration list for PBXProject "lab2-exercise" */;
			compatibilityVersion = "Xcode 9.3";
			developmentRegion = en;
			hasScannedForEncodings = 0;
			knownRegions = (
				en,
				Base,
			);
			mainGroup = D624018D22F12EC10000FA31;
			productRefGroup = D624019722F12EC10000FA31 /* Products */;
			projectDirPath = "";
			projectRoot = "";
			targets = (
				D624019522F12EC10000FA31 /* lab2-exercise */,
			);
		};
/* End PBXProject section */

/* Begin PBXResourcesBuildPhase section */
		D624019422F12EC10000FA31 /* Resources */ = {
			isa = PBXResourcesBuildPhase;
			buildActionMask = 2147483647;
			files = (
				D62401A622F12EC20000FA31 /* LaunchScreen.storyboard in Resources */,
				D62401A322F12EC20000FA31 /* Assets.xcassets in Resources */,
				D62401A122F12EC10000FA31 /* Main.storyboard in Resources */,
			);
			runOnlyForDeploymentPostprocessing = 0;
		};
/* End PBXResourcesBuildPhase section */

/* Begin PBXSourcesBuildPhase section */
		D624019222F12EC10000FA31 /* Sources */ = {
			isa = PBXSourcesBuildPhase;
			buildActionMask = 2147483647;
			files = (
				D624019E22F12EC10000FA31 /* ViewController.swift in Sources */,
				D624019A22F12EC10000FA31 /* AppDelegate.swift in Sources */,
				D624019C22F12EC10000FA31 /* SceneDelegate.swift in Sources */,
			);
			runOnlyForDeploymentPostprocessing = 0;
		};
/* End PBXSourcesBuildPhase section */

/* Begin PBXVariantGroup section */
		D624019F22F12EC10000FA31 /* Main.storyboard */ = {
			isa = PBXVariantGroup;
			children = (
				D62401A022F12EC10000FA31 /* Base */,
			);
			name = Main.storyboard;
			sourceTree = "<group>";
		};
		D62401A422F12EC20000FA31 /* LaunchScreen.storyboard */ = {
			isa = PBXVariantGroup;
			children = (
				D62401A522F12EC20000FA31 /* Base */,
			);
			name = LaunchScreen.storyboard;
			sourceTree = "<group>";
		};
/* End PBXVariantGroup section */

/* Begin XCBuildConfiguration section */
		D62401A822F12EC20000FA31 /* Debug */ = {
			isa = XCBuildConfiguration;
			buildSettings = {
				ALWAYS_SEARCH_USER_PATHS = NO;
				CLANG_ANALYZER_NONNULL = YES;
				CLANG_ANALYZER_NUMBER_OBJECT_CONVERSION = YES_AGGRESSIVE;
				CLANG_CXX_LANGUAGE_STANDARD = "gnu++14";
				CLANG_CXX_LIBRARY = "libc++";
				CLANG_ENABLE_MODULES = YES;
				CLANG_ENABLE_OBJC_ARC = YES;
				CLANG_ENABLE_OBJC_WEAK = YES;
				CLANG_WARN_BLOCK_CAPTURE_AUTORELEASING = YES;
				CLANG_WARN_BOOL_CONVERSION = YES;
				CLANG_WARN_COMMA = YES;
				CLANG_WARN_CONSTANT_CONVERSION = YES;
				CLANG_WARN_DEPRECATED_OBJC_IMPLEMENTATIONS = YES;
				CLANG_WARN_DIRECT_OBJC_ISA_USAGE = YES_ERROR;
				CLANG_WARN_DOCUMENTATION_COMMENTS = YES;
				CLANG_WARN_EMPTY_BODY = YES;
				CLANG_WARN_ENUM_CONVERSION = YES;
				CLANG_WARN_INFINITE_RECURSION = YES;
				CLANG_WARN_INT_CONVERSION = YES;
				CLANG_WARN_NON_LITERAL_NULL_CONVERSION = YES;
				CLANG_WARN_OBJC_IMPLICIT_RETAIN_SELF = YES;
				CLANG_WARN_OBJC_LITERAL_CONVERSION = YES;
				CLANG_WARN_OBJC_ROOT_CLASS = YES_ERROR;
				CLANG_WARN_RANGE_LOOP_ANALYSIS = YES;
				CLANG_WARN_STRICT_PROTOTYPES = YES;
				CLANG_WARN_SUSPICIOUS_MOVE = YES;
				CLANG_WARN_UNGUARDED_AVAILABILITY = YES_AGGRESSIVE;
				CLANG_WARN_UNREACHABLE_CODE = YES;
				CLANG_WARN__DUPLICATE_METHOD_MATCH = YES;
				COPY_PHASE_STRIP = NO;
				DEBUG_INFORMATION_FORMAT = dwarf;
				ENABLE_STRICT_OBJC_MSGSEND = YES;
				ENABLE_TESTABILITY = YES;
				GCC_C_LANGUAGE_STANDARD = gnu11;
				GCC_DYNAMIC_NO_PIC = NO;
				GCC_NO_COMMON_BLOCKS = YES;
				GCC_OPTIMIZATION_LEVEL = 0;
				GCC_PREPROCESSOR_DEFINITIONS = (
					"DEBUG=1",
					"$(inherited)",
				);
				GCC_WARN_64_TO_32_BIT_CONVERSION = YES;
				GCC_WARN_ABOUT_RETURN_TYPE = YES_ERROR;
				GCC_WARN_UNDECLARED_SELECTOR = YES;
				GCC_WARN_UNINITIALIZED_AUTOS = YES_AGGRESSIVE;
				GCC_WARN_UNUSED_FUNCTION = YES;
				GCC_WARN_UNUSED_VARIABLE = YES;
				IPHONEOS_DEPLOYMENT_TARGET = 13.0;
				MTL_ENABLE_DEBUG_INFO = INCLUDE_SOURCE;
				MTL_FAST_MATH = YES;
				ONLY_ACTIVE_ARCH = YES;
				SDKROOT = iphoneos;
				SWIFT_ACTIVE_COMPILATION_CONDITIONS = DEBUG;
				SWIFT_OPTIMIZATION_LEVEL = "-Onone";
			};
			name = Debug;
		};
		D62401A922F12EC20000FA31 /* Release */ = {
			isa = XCBuildConfiguration;
			buildSettings = {
				ALWAYS_SEARCH_USER_PATHS = NO;
				CLANG_ANALYZER_NONNULL = YES;
				CLANG_ANALYZER_NUMBER_OBJECT_CONVERSION = YES_AGGRESSIVE;
				CLANG_CXX_LANGUAGE_STANDARD = "gnu++14";
				CLANG_CXX_LIBRARY = "libc++";
				CLANG_ENABLE_MODULES = YES;
				CLANG_ENABLE_OBJC_ARC = YES;
				CLANG_ENABLE_OBJC_WEAK = YES;
				CLANG_WARN_BLOCK_CAPTURE_AUTORELEASING = YES;
				CLANG_WARN_BOOL_CONVERSION = YES;
				CLANG_WARN_COMMA = YES;
				CLANG_WARN_CONSTANT_CONVERSION = YES;
				CLANG_WARN_DEPRECATED_OBJC_IMPLEMENTATIONS = YES;
				CLANG_WARN_DIRECT_OBJC_ISA_USAGE = YES_ERROR;
				CLANG_WARN_DOCUMENTATION_COMMENTS = YES;
				CLANG_WARN_EMPTY_BODY = YES;
				CLANG_WARN_ENUM_CONVERSION = YES;
				CLANG_WARN_INFINITE_RECURSION = YES;
				CLANG_WARN_INT_CONVERSION = YES;
				CLANG_WARN_NON_LITERAL_NULL_CONVERSION = YES;
				CLANG_WARN_OBJC_IMPLICIT_RETAIN_SELF = YES;
				CLANG_WARN_OBJC_LITERAL_CONVERSION = YES;
				CLANG_WARN_OBJC_ROOT_CLASS = YES_ERROR;
				CLANG_WARN_RANGE_LOOP_ANALYSIS = YES;
				CLANG_WARN_STRICT_PROTOTYPES = YES;
				CLANG_WARN_SUSPICIOUS_MOVE = YES;
				CLANG_WARN_UNGUARDED_AVAILABILITY = YES_AGGRESSIVE;
				CLANG_WARN_UNREACHABLE_CODE = YES;
				CLANG_WARN__DUPLICATE_METHOD_MATCH = YES;
				COPY_PHASE_STRIP = NO;
				DEBUG_INFORMATION_FORMAT = "dwarf-with-dsym";
				ENABLE_NS_ASSERTIONS = NO;
				ENABLE_STRICT_OBJC_MSGSEND = YES;
				GCC_C_LANGUAGE_STANDARD = gnu11;
				GCC_NO_COMMON_BLOCKS = YES;
				GCC_WARN_64_TO_32_BIT_CONVERSION = YES;
				GCC_WARN_ABOUT_RETURN_TYPE = YES_ERROR;
				GCC_WARN_UNDECLARED_SELECTOR = YES;
				GCC_WARN_UNINITIALIZED_AUTOS = YES_AGGRESSIVE;
				GCC_WARN_UNUSED_FUNCTION = YES;
				GCC_WARN_UNUSED_VARIABLE = YES;
				IPHONEOS_DEPLOYMENT_TARGET = 13.0;
				MTL_ENABLE_DEBUG_INFO = NO;
				MTL_FAST_MATH = YES;
				SDKROOT = iphoneos;
				SWIFT_COMPILATION_MODE = wholemodule;
				SWIFT_OPTIMIZATION_LEVEL = "-O";
				VALIDATE_PRODUCT = YES;
			};
			name = Release;
		};
		D62401AB22F12EC20000FA31 /* Debug */ = {
			isa = XCBuildConfiguration;
			buildSettings = {
				ASSETCATALOG_COMPILER_APPICON_NAME = AppIcon;
				CODE_SIGN_STYLE = Automatic;
				DEVELOPMENT_TEAM = ACX3M6X8Z7;
				INFOPLIST_FILE = "lab2-exercise/Info.plist";
				LD_RUNPATH_SEARCH_PATHS = (
					"$(inherited)",
					"@executable_path/Frameworks",
				);
				PRODUCT_BUNDLE_IDENTIFIER = "com.example.lab2-exercise";
				PRODUCT_NAME = "$(TARGET_NAME)";
				SWIFT_VERSION = 5.0;
				TARGETED_DEVICE_FAMILY = "1,2";
			};
			name = Debug;
		};
		D62401AC22F12EC20000FA31 /* Release */ = {
			isa = XCBuildConfiguration;
			buildSettings = {
				ASSETCATALOG_COMPILER_APPICON_NAME = AppIcon;
				CODE_SIGN_STYLE = Automatic;
				DEVELOPMENT_TEAM = ACX3M6X8Z7;
				INFOPLIST_FILE = "lab2-exercise/Info.plist";
				LD_RUNPATH_SEARCH_PATHS = (
					"$(inherited)",
					"@executable_path/Frameworks",
				);
				PRODUCT_BUNDLE_IDENTIFIER = "com.example.lab2-exercise";
				PRODUCT_NAME = "$(TARGET_NAME)";
				SWIFT_VERSION = 5.0;
				TARGETED_DEVICE_FAMILY = "1,2";
			};
			name = Release;
		};
/* End XCBuildConfiguration section */

/* Begin XCConfigurationList section */
		D624019122F12EC10000FA31 /* Build configuration list for PBXProject "lab2-exercise" */ = {
			isa = XCConfigurationList;
			buildConfigurations = (
				D62401A822F12EC20000FA31 /* Debug */,
				D62401A922F12EC20000FA31 /* Release */,
			);
			defaultConfigurationIsVisible = 0;
			defaultConfigurationName = Release;
		};
		D62401AA22F12EC20000FA31 /* Build configuration list for PBXNativeTarget "lab2-exercise" */ = {
			isa = XCConfigurationList;
			buildConfigurations = (
				D62401AB22F12EC20000FA31 /* Debug */,
				D62401AC22F12EC20000FA31 /* Release */,
			);
			defaultConfigurationIsVisible = 0;
			defaultConfigurationName = Release;
		};
/* End XCConfigurationList section */
	};
	rootObject = D624018E22F12EC10000FA31 /* Project object */;
}
