// !$*UTF8*$!
{
	archiveVersion = 1;
	classes = {
	};
	objectVersion = 50;
	objects = {

/* Begin PBXBuildFile section */
		D6D49EA722F2B82D0002C162 /* AppDelegate.swift in Sources */ = {isa = PBXBuildFile; fileRef = D6D49EA622F2B82D0002C162 /* AppDelegate.swift */; };
		D6D49EA922F2B82D0002C162 /* SceneDelegate.swift in Sources */ = {isa = PBXBuildFile; fileRef = D6D49EA822F2B82D0002C162 /* SceneDelegate.swift */; };
		D6D49EAB22F2B82D0002C162 /* ViewController.swift in Sources */ = {isa = PBXBuildFile; fileRef = D6D49EAA22F2B82D0002C162 /* ViewController.swift */; };
		D6D49EAE22F2B82D0002C162 /* Main.storyboard in Resources */ = {isa = PBXBuildFile; fileRef = D6D49EAC22F2B82D0002C162 /* Main.storyboard */; };
		D6D49EB022F2B82E0002C162 /* Assets.xcassets in Resources */ = {isa = PBXBuildFile; fileRef = D6D49EAF22F2B82E0002C162 /* Assets.xcassets */; };
		D6D49EB322F2B82E0002C162 /* LaunchScreen.storyboard in Resources */ = {isa = PBXBuildFile; fileRef = D6D49EB122F2B82E0002C162 /* LaunchScreen.storyboard */; };
		D6D49EBB22F2BC1B0002C162 /* SecViewController.swift in Sources */ = {isa = PBXBuildFile; fileRef = D6D49EBA22F2BC1B0002C162 /* SecViewController.swift */; };
/* End PBXBuildFile section */

/* Begin PBXFileReference section */
		D6D49EA322F2B82D0002C162 /* lab4-1-5.app */ = {isa = PBXFileReference; explicitFileType = wrapper.application; includeInIndex = 0; path = "lab4-1-5.app"; sourceTree = BUILT_PRODUCTS_DIR; };
		D6D49EA622F2B82D0002C162 /* AppDelegate.swift */ = {isa = PBXFileReference; lastKnownFileType = sourcecode.swift; path = AppDelegate.swift; sourceTree = "<group>"; };
		D6D49EA822F2B82D0002C162 /* SceneDelegate.swift */ = {isa = PBXFileReference; lastKnownFileType = sourcecode.swift; path = SceneDelegate.swift; sourceTree = "<group>"; };
		D6D49EAA22F2B82D0002C162 /* ViewController.swift */ = {isa = PBXFileReference; lastKnownFileType = sourcecode.swift; path = ViewController.swift; sourceTree = "<group>"; };
		D6D49EAD22F2B82D0002C162 /* Base */ = {isa = PBXFileReference; lastKnownFileType = file.storyboard; name = Base; path = Base.lproj/Main.storyboard; sourceTree = "<group>"; };
		D6D49EAF22F2B82E0002C162 /* Assets.xcassets */ = {isa = PBXFileReference; lastKnownFileType = folder.assetcatalog; path = Assets.xcassets; sourceTree = "<group>"; };
		D6D49EB222F2B82E0002C162 /* Base */ = {isa = PBXFileReference; lastKnownFileType = file.storyboard; name = Base; path = Base.lproj/LaunchScreen.storyboard; sourceTree = "<group>"; };
		D6D49EB422F2B82E0002C162 /* Info.plist */ = {isa = PBXFileReference; lastKnownFileType = text.plist.xml; path = Info.plist; sourceTree = "<group>"; };
		D6D49EBA22F2BC1B0002C162 /* SecViewController.swift */ = {isa = PBXFileReference; lastKnownFileType = sourcecode.swift; path = SecViewController.swift; sourceTree = "<group>"; };
/* End PBXFileReference section */

/* Begin PBXFrameworksBuildPhase section */
		D6D49EA022F2B82D0002C162 /* Frameworks */ = {
			isa = PBXFrameworksBuildPhase;
			buildActionMask = 2147483647;
			files = (
			);
			runOnlyForDeploymentPostprocessing = 0;
		};
/* End PBXFrameworksBuildPhase section */

/* Begin PBXGroup section */
		D6D49E9A22F2B82D0002C162 = {
			isa = PBXGroup;
			children = (
				D6D49EA522F2B82D0002C162 /* lab4-1-5 */,
				D6D49EA422F2B82D0002C162 /* Products */,
			);
			sourceTree = "<group>";
		};
		D6D49EA422F2B82D0002C162 /* Products */ = {
			isa = PBXGroup;
			children = (
				D6D49EA322F2B82D0002C162 /* lab4-1-5.app */,
			);
			name = Products;
			sourceTree = "<group>";
		};
		D6D49EA522F2B82D0002C162 /* lab4-1-5 */ = {
			isa = PBXGroup;
			children = (
				D6D49EA622F2B82D0002C162 /* AppDelegate.swift */,
				D6D49EA822F2B82D0002C162 /* SceneDelegate.swift */,
				D6D49EAA22F2B82D0002C162 /* ViewController.swift */,
				D6D49EAC22F2B82D0002C162 /* Main.storyboard */,
				D6D49EAF22F2B82E0002C162 /* Assets.xcassets */,
				D6D49EB122F2B82E0002C162 /* LaunchScreen.storyboard */,
				D6D49EB422F2B82E0002C162 /* Info.plist */,
				D6D49EBA22F2BC1B0002C162 /* SecViewController.swift */,
			);
			path = "lab4-1-5";
			sourceTree = "<group>";
		};
/* End PBXGroup section */

/* Begin PBXNativeTarget section */
		D6D49EA222F2B82D0002C162 /* lab4-1-5 */ = {
			isa = PBXNativeTarget;
			buildConfigurationList = D6D49EB722F2B82E0002C162 /* Build configuration list for PBXNativeTarget "lab4-1-5" */;
			buildPhases = (
				D6D49E9F22F2B82D0002C162 /* Sources */,
				D6D49EA022F2B82D0002C162 /* Frameworks */,
				D6D49EA122F2B82D0002C162 /* Resources */,
			);
			buildRules = (
			);
			dependencies = (
			);
			name = "lab4-1-5";
			productName = "lab4-1-5";
			productReference = D6D49EA322F2B82D0002C162 /* lab4-1-5.app */;
			productType = "com.apple.product-type.application";
		};
/* End PBXNativeTarget section */

/* Begin PBXProject section */
		D6D49E9B22F2B82D0002C162 /* Project object */ = {
			isa = PBXProject;
			attributes = {
				LastSwiftUpdateCheck = 1100;
				LastUpgradeCheck = 1100;
				ORGANIZATIONNAME = taizhou;
				TargetAttributes = {
					D6D49EA222F2B82D0002C162 = {
						CreatedOnToolsVersion = 11.0;
					};
				};
			};
			buildConfigurationList = D6D49E9E22F2B82D0002C162 /* Build configuration list for PBXProject "lab4-1-5" */;
			compatibilityVersion = "Xcode 9.3";
			developmentRegion = en;
			hasScannedForEncodings = 0;
			knownRegions = (
				en,
				Base,
			);
			mainGroup = D6D49E9A22F2B82D0002C162;
			productRefGroup = D6D49EA422F2B82D0002C162 /* Products */;
			projectDirPath = "";
			projectRoot = "";
			targets = (
				D6D49EA222F2B82D0002C162 /* lab4-1-5 */,
			);
		};
/* End PBXProject section */

/* Begin PBXResourcesBuildPhase section */
		D6D49EA122F2B82D0002C162 /* Resources */ = {
			isa = PBXResourcesBuildPhase;
			buildActionMask = 2147483647;
			files = (
				D6D49EB322F2B82E0002C162 /* LaunchScreen.storyboard in Resources */,
				D6D49EB022F2B82E0002C162 /* Assets.xcassets in Resources */,
				D6D49EAE22F2B82D0002C162 /* Main.storyboard in Resources */,
			);
			runOnlyForDeploymentPostprocessing = 0;
		};
/* End PBXResourcesBuildPhase section */

/* Begin PBXSourcesBuildPhase section */
		D6D49E9F22F2B82D0002C162 /* Sources */ = {
			isa = PBXSourcesBuildPhase;
			buildActionMask = 2147483647;
			files = (
				D6D49EBB22F2BC1B0002C162 /* SecViewController.swift in Sources */,
				D6D49EAB22F2B82D0002C162 /* ViewController.swift in Sources */,
				D6D49EA722F2B82D0002C162 /* AppDelegate.swift in Sources */,
				D6D49EA922F2B82D0002C162 /* SceneDelegate.swift in Sources */,
			);
			runOnlyForDeploymentPostprocessing = 0;
		};
/* End PBXSourcesBuildPhase section */

/* Begin PBXVariantGroup section */
		D6D49EAC22F2B82D0002C162 /* Main.storyboard */ = {
			isa = PBXVariantGroup;
			children = (
				D6D49EAD22F2B82D0002C162 /* Base */,
			);
			name = Main.storyboard;
			sourceTree = "<group>";
		};
		D6D49EB122F2B82E0002C162 /* LaunchScreen.storyboard */ = {
			isa = PBXVariantGroup;
			children = (
				D6D49EB222F2B82E0002C162 /* Base */,
			);
			name = LaunchScreen.storyboard;
			sourceTree = "<group>";
		};
/* End PBXVariantGroup section */

/* Begin XCBuildConfiguration section */
		D6D49EB522F2B82E0002C162 /* Debug */ = {
			isa = XCBuildConfiguration;
			buildSettings = {
				ALWAYS_SEARCH_USER_PATHS = NO;
				CLANG_ANALYZER_NONNULL = YES;
				CLANG_ANALYZER_NUMBER_OBJECT_CONVERSION = YES_AGGRESSIVE;
				CLANG_CXX_LANGUAGE_STANDARD = "gnu++14";
				CLANG_CXX_LIBRARY = "libc++";
				CLANG_ENABLE_MODULES = YES;
				CLANG_ENABLE_OBJC_ARC = YES;
				CLANG_ENABLE_OBJC_WEAK = YES;
				CLANG_WARN_BLOCK_CAPTURE_AUTORELEASING = YES;
				CLANG_WARN_BOOL_CONVERSION = YES;
				CLANG_WARN_COMMA = YES;
				CLANG_WARN_CONSTANT_CONVERSION = YES;
				CLANG_WARN_DEPRECATED_OBJC_IMPLEMENTATIONS = YES;
				CLANG_WARN_DIRECT_OBJC_ISA_USAGE = YES_ERROR;
				CLANG_WARN_DOCUMENTATION_COMMENTS = YES;
				CLANG_WARN_EMPTY_BODY = YES;
				CLANG_WARN_ENUM_CONVERSION = YES;
				CLANG_WARN_INFINITE_RECURSION = YES;
				CLANG_WARN_INT_CONVERSION = YES;
				CLANG_WARN_NON_LITERAL_NULL_CONVERSION = YES;
				CLANG_WARN_OBJC_IMPLICIT_RETAIN_SELF = YES;
				CLANG_WARN_OBJC_LITERAL_CONVERSION = YES;
				CLANG_WARN_OBJC_ROOT_CLASS = YES_ERROR;
				CLANG_WARN_RANGE_LOOP_ANALYSIS = YES;
				CLANG_WARN_STRICT_PROTOTYPES = YES;
				CLANG_WARN_SUSPICIOUS_MOVE = YES;
				CLANG_WARN_UNGUARDED_AVAILABILITY = YES_AGGRESSIVE;
				CLANG_WARN_UNREACHABLE_CODE = YES;
				CLANG_WARN__DUPLICATE_METHOD_MATCH = YES;
				COPY_PHASE_STRIP = NO;
				DEBUG_INFORMATION_FORMAT = dwarf;
				ENABLE_STRICT_OBJC_MSGSEND = YES;
				ENABLE_TESTABILITY = YES;
				GCC_C_LANGUAGE_STANDARD = gnu11;
				GCC_DYNAMIC_NO_PIC = NO;
				GCC_NO_COMMON_BLOCKS = YES;
				GCC_OPTIMIZATION_LEVEL = 0;
				GCC_PREPROCESSOR_DEFINITIONS = (
					"DEBUG=1",
					"$(inherited)",
				);
				GCC_WARN_64_TO_32_BIT_CONVERSION = YES;
				GCC_WARN_ABOUT_RETURN_TYPE = YES_ERROR;
				GCC_WARN_UNDECLARED_SELECTOR = YES;
				GCC_WARN_UNINITIALIZED_AUTOS = YES_AGGRESSIVE;
				GCC_WARN_UNUSED_FUNCTION = YES;
				GCC_WARN_UNUSED_VARIABLE = YES;
				IPHONEOS_DEPLOYMENT_TARGET = 13.0;
				MTL_ENABLE_DEBUG_INFO = INCLUDE_SOURCE;
				MTL_FAST_MATH = YES;
				ONLY_ACTIVE_ARCH = YES;
				SDKROOT = iphoneos;
				SWIFT_ACTIVE_COMPILATION_CONDITIONS = DEBUG;
				SWIFT_OPTIMIZATION_LEVEL = "-Onone";
			};
			name = Debug;
		};
		D6D49EB622F2B82E0002C162 /* Release */ = {
			isa = XCBuildConfiguration;
			buildSettings = {
				ALWAYS_SEARCH_USER_PATHS = NO;
				CLANG_ANALYZER_NONNULL = YES;
				CLANG_ANALYZER_NUMBER_OBJECT_CONVERSION = YES_AGGRESSIVE;
				CLANG_CXX_LANGUAGE_STANDARD = "gnu++14";
				CLANG_CXX_LIBRARY = "libc++";
				CLANG_ENABLE_MODULES = YES;
				CLANG_ENABLE_OBJC_ARC = YES;
				CLANG_ENABLE_OBJC_WEAK = YES;
				CLANG_WARN_BLOCK_CAPTURE_AUTORELEASING = YES;
				CLANG_WARN_BOOL_CONVERSION = YES;
				CLANG_WARN_COMMA = YES;
				CLANG_WARN_CONSTANT_CONVERSION = YES;
				CLANG_WARN_DEPRECATED_OBJC_IMPLEMENTATIONS = YES;
				CLANG_WARN_DIRECT_OBJC_ISA_USAGE = YES_ERROR;
				CLANG_WARN_DOCUMENTATION_COMMENTS = YES;
				CLANG_WARN_EMPTY_BODY = YES;
				CLANG_WARN_ENUM_CONVERSION = YES;
				CLANG_WARN_INFINITE_RECURSION = YES;
				CLANG_WARN_INT_CONVERSION = YES;
				CLANG_WARN_NON_LITERAL_NULL_CONVERSION = YES;
				CLANG_WARN_OBJC_IMPLICIT_RETAIN_SELF = YES;
				CLANG_WARN_OBJC_LITERAL_CONVERSION = YES;
				CLANG_WARN_OBJC_ROOT_CLASS = YES_ERROR;
				CLANG_WARN_RANGE_LOOP_ANALYSIS = YES;
				CLANG_WARN_STRICT_PROTOTYPES = YES;
				CLANG_WARN_SUSPICIOUS_MOVE = YES;
				CLANG_WARN_UNGUARDED_AVAILABILITY = YES_AGGRESSIVE;
				CLANG_WARN_UNREACHABLE_CODE = YES;
				CLANG_WARN__DUPLICATE_METHOD_MATCH = YES;
				COPY_PHASE_STRIP = NO;
				DEBUG_INFORMATION_FORMAT = "dwarf-with-dsym";
				ENABLE_NS_ASSERTIONS = NO;
				ENABLE_STRICT_OBJC_MSGSEND = YES;
				GCC_C_LANGUAGE_STANDARD = gnu11;
				GCC_NO_COMMON_BLOCKS = YES;
				GCC_WARN_64_TO_32_BIT_CONVERSION = YES;
				GCC_WARN_ABOUT_RETURN_TYPE = YES_ERROR;
				GCC_WARN_UNDECLARED_SELECTOR = YES;
				GCC_WARN_UNINITIALIZED_AUTOS = YES_AGGRESSIVE;
				GCC_WARN_UNUSED_FUNCTION = YES;
				GCC_WARN_UNUSED_VARIABLE = YES;
				IPHONEOS_DEPLOYMENT_TARGET = 13.0;
				MTL_ENABLE_DEBUG_INFO = NO;
				MTL_FAST_MATH = YES;
				SDKROOT = iphoneos;
				SWIFT_COMPILATION_MODE = wholemodule;
				SWIFT_OPTIMIZATION_LEVEL = "-O";
				VALIDATE_PRODUCT = YES;
			};
			name = Release;
		};
		D6D49EB822F2B82E0002C162 /* Debug */ = {
			isa = XCBuildConfiguration;
			buildSettings = {
				ASSETCATALOG_COMPILER_APPICON_NAME = AppIcon;
				CODE_SIGN_STYLE = Automatic;
				DEVELOPMENT_TEAM = ACX3M6X8Z7;
				INFOPLIST_FILE = "lab4-1-5/Info.plist";
				LD_RUNPATH_SEARCH_PATHS = (
					"$(inherited)",
					"@executable_path/Frameworks",
				);
				PRODUCT_BUNDLE_IDENTIFIER = "com.example.lab4-1-5";
				PRODUCT_NAME = "$(TARGET_NAME)";
				SWIFT_VERSION = 5.0;
				TARGETED_DEVICE_FAMILY = "1,2";
			};
			name = Debug;
		};
		D6D49EB922F2B82E0002C162 /* Release */ = {
			isa = XCBuildConfiguration;
			buildSettings = {
				ASSETCATALOG_COMPILER_APPICON_NAME = AppIcon;
				CODE_SIGN_STYLE = Automatic;
				DEVELOPMENT_TEAM = ACX3M6X8Z7;
				INFOPLIST_FILE = "lab4-1-5/Info.plist";
				LD_RUNPATH_SEARCH_PATHS = (
					"$(inherited)",
					"@executable_path/Frameworks",
				);
				PRODUCT_BUNDLE_IDENTIFIER = "com.example.lab4-1-5";
				PRODUCT_NAME = "$(TARGET_NAME)";
				SWIFT_VERSION = 5.0;
				TARGETED_DEVICE_FAMILY = "1,2";
			};
			name = Release;
		};
/* End XCBuildConfiguration section */

/* Begin XCConfigurationList section */
		D6D49E9E22F2B82D0002C162 /* Build configuration list for PBXProject "lab4-1-5" */ = {
			isa = XCConfigurationList;
			buildConfigurations = (
				D6D49EB522F2B82E0002C162 /* Debug */,
				D6D49EB622F2B82E0002C162 /* Release */,
			);
			defaultConfigurationIsVisible = 0;
			defaultConfigurationName = Release;
		};
		D6D49EB722F2B82E0002C162 /* Build configuration list for PBXNativeTarget "lab4-1-5" */ = {
			isa = XCConfigurationList;
			buildConfigurations = (
				D6D49EB822F2B82E0002C162 /* Debug */,
				D6D49EB922F2B82E0002C162 /* Release */,
			);
			defaultConfigurationIsVisible = 0;
			defaultConfigurationName = Release;
		};
/* End XCConfigurationList section */
	};
	rootObject = D6D49E9B22F2B82D0002C162 /* Project object */;
}
