// !$*UTF8*$!
{
	archiveVersion = 1;
	classes = {
	};
	objectVersion = 50;
	objects = {

/* Begin PBXBuildFile section */
		D655515322EEED0900295D11 /* AppDelegate.swift in Sources */ = {isa = PBXBuildFile; fileRef = D655515222EEED0900295D11 /* AppDelegate.swift */; };
		D655515522EEED0900295D11 /* SceneDelegate.swift in Sources */ = {isa = PBXBuildFile; fileRef = D655515422EEED0900295D11 /* SceneDelegate.swift */; };
		D655515722EEED0900295D11 /* ViewController.swift in Sources */ = {isa = PBXBuildFile; fileRef = D655515622EEED0900295D11 /* ViewController.swift */; };
		D655515A22EEED0900295D11 /* Main.storyboard in Resources */ = {isa = PBXBuildFile; fileRef = D655515822EEED0900295D11 /* Main.storyboard */; };
		D655515C22EEED0A00295D11 /* Assets.xcassets in Resources */ = {isa = PBXBuildFile; fileRef = D655515B22EEED0A00295D11 /* Assets.xcassets */; };
		D655515F22EEED0A00295D11 /* LaunchScreen.storyboard in Resources */ = {isa = PBXBuildFile; fileRef = D655515D22EEED0A00295D11 /* LaunchScreen.storyboard */; };
		D655516922EEEF6D00295D11 /* customPopupViewController.xib in Resources */ = {isa = PBXBuildFile; fileRef = D655516722EEEF6D00295D11 /* customPopupViewController.xib */; };
		D655516A22EEEF6D00295D11 /* customPopupViewController.swift in Sources */ = {isa = PBXBuildFile; fileRef = D655516822EEEF6D00295D11 /* customPopupViewController.swift */; };
/* End PBXBuildFile section */

/* Begin PBXFileReference section */
		D655514F22EEED0900295D11 /* lab6_exercise.app */ = {isa = PBXFileReference; explicitFileType = wrapper.application; includeInIndex = 0; path = lab6_exercise.app; sourceTree = BUILT_PRODUCTS_DIR; };
		D655515222EEED0900295D11 /* AppDelegate.swift */ = {isa = PBXFileReference; lastKnownFileType = sourcecode.swift; path = AppDelegate.swift; sourceTree = "<group>"; };
		D655515422EEED0900295D11 /* SceneDelegate.swift */ = {isa = PBXFileReference; lastKnownFileType = sourcecode.swift; path = SceneDelegate.swift; sourceTree = "<group>"; };
		D655515622EEED0900295D11 /* ViewController.swift */ = {isa = PBXFileReference; lastKnownFileType = sourcecode.swift; path = ViewController.swift; sourceTree = "<group>"; };
		D655515922EEED0900295D11 /* Base */ = {isa = PBXFileReference; lastKnownFileType = file.storyboard; name = Base; path = Base.lproj/Main.storyboard; sourceTree = "<group>"; };
		D655515B22EEED0A00295D11 /* Assets.xcassets */ = {isa = PBXFileReference; lastKnownFileType = folder.assetcatalog; path = Assets.xcassets; sourceTree = "<group>"; };
		D655515E22EEED0A00295D11 /* Base */ = {isa = PBXFileReference; lastKnownFileType = file.storyboard; name = Base; path = Base.lproj/LaunchScreen.storyboard; sourceTree = "<group>"; };
		D655516022EEED0A00295D11 /* Info.plist */ = {isa = PBXFileReference; lastKnownFileType = text.plist.xml; path = Info.plist; sourceTree = "<group>"; };
		D655516722EEEF6D00295D11 /* customPopupViewController.xib */ = {isa = PBXFileReference; fileEncoding = 4; lastKnownFileType = file.xib; path = customPopupViewController.xib; sourceTree = "<group>"; };
		D655516822EEEF6D00295D11 /* customPopupViewController.swift */ = {isa = PBXFileReference; fileEncoding = 4; lastKnownFileType = sourcecode.swift; path = customPopupViewController.swift; sourceTree = "<group>"; };
/* End PBXFileReference section */

/* Begin PBXFrameworksBuildPhase section */
		D655514C22EEED0900295D11 /* Frameworks */ = {
			isa = PBXFrameworksBuildPhase;
			buildActionMask = 2147483647;
			files = (
			);
			runOnlyForDeploymentPostprocessing = 0;
		};
/* End PBXFrameworksBuildPhase section */

/* Begin PBXGroup section */
		D655514622EEED0900295D11 = {
			isa = PBXGroup;
			children = (
				D655515122EEED0900295D11 /* lab6_exercise */,
				D655515022EEED0900295D11 /* Products */,
			);
			sourceTree = "<group>";
		};
		D655515022EEED0900295D11 /* Products */ = {
			isa = PBXGroup;
			children = (
				D655514F22EEED0900295D11 /* lab6_exercise.app */,
			);
			name = Products;
			sourceTree = "<group>";
		};
		D655515122EEED0900295D11 /* lab6_exercise */ = {
			isa = PBXGroup;
			children = (
				D655516622EEEF6D00295D11 /* customPopupViewController */,
				D655515222EEED0900295D11 /* AppDelegate.swift */,
				D655515422EEED0900295D11 /* SceneDelegate.swift */,
				D655515622EEED0900295D11 /* ViewController.swift */,
				D655515822EEED0900295D11 /* Main.storyboard */,
				D655515B22EEED0A00295D11 /* Assets.xcassets */,
				D655515D22EEED0A00295D11 /* LaunchScreen.storyboard */,
				D655516022EEED0A00295D11 /* Info.plist */,
			);
			path = lab6_exercise;
			sourceTree = "<group>";
		};
		D655516622EEEF6D00295D11 /* customPopupViewController */ = {
			isa = PBXGroup;
			children = (
				D655516722EEEF6D00295D11 /* customPopupViewController.xib */,
				D655516822EEEF6D00295D11 /* customPopupViewController.swift */,
			);
			path = customPopupViewController;
			sourceTree = "<group>";
		};
/* End PBXGroup section */

/* Begin PBXNativeTarget section */
		D655514E22EEED0900295D11 /* lab6_exercise */ = {
			isa = PBXNativeTarget;
			buildConfigurationList = D655516322EEED0A00295D11 /* Build configuration list for PBXNativeTarget "lab6_exercise" */;
			buildPhases = (
				D655514B22EEED0900295D11 /* Sources */,
				D655514C22EEED0900295D11 /* Frameworks */,
				D655514D22EEED0900295D11 /* Resources */,
			);
			buildRules = (
			);
			dependencies = (
			);
			name = lab6_exercise;
			productName = lab6_exercise;
			productReference = D655514F22EEED0900295D11 /* lab6_exercise.app */;
			productType = "com.apple.product-type.application";
		};
/* End PBXNativeTarget section */

/* Begin PBXProject section */
		D655514722EEED0900295D11 /* Project object */ = {
			isa = PBXProject;
			attributes = {
				LastSwiftUpdateCheck = 1100;
				LastUpgradeCheck = 1100;
				ORGANIZATIONNAME = taizhou;
				TargetAttributes = {
					D655514E22EEED0900295D11 = {
						CreatedOnToolsVersion = 11.0;
					};
				};
			};
			buildConfigurationList = D655514A22EEED0900295D11 /* Build configuration list for PBXProject "lab6_exercise" */;
			compatibilityVersion = "Xcode 9.3";
			developmentRegion = en;
			hasScannedForEncodings = 0;
			knownRegions = (
				en,
				Base,
			);
			mainGroup = D655514622EEED0900295D11;
			productRefGroup = D655515022EEED0900295D11 /* Products */;
			projectDirPath = "";
			projectRoot = "";
			targets = (
				D655514E22EEED0900295D11 /* lab6_exercise */,
			);
		};
/* End PBXProject section */

/* Begin PBXResourcesBuildPhase section */
		D655514D22EEED0900295D11 /* Resources */ = {
			isa = PBXResourcesBuildPhase;
			buildActionMask = 2147483647;
			files = (
				D655516922EEEF6D00295D11 /* customPopupViewController.xib in Resources */,
				D655515F22EEED0A00295D11 /* LaunchScreen.storyboard in Resources */,
				D655515C22EEED0A00295D11 /* Assets.xcassets in Resources */,
				D655515A22EEED0900295D11 /* Main.storyboard in Resources */,
			);
			runOnlyForDeploymentPostprocessing = 0;
		};
/* End PBXResourcesBuildPhase section */

/* Begin PBXSourcesBuildPhase section */
		D655514B22EEED0900295D11 /* Sources */ = {
			isa = PBXSourcesBuildPhase;
			buildActionMask = 2147483647;
			files = (
				D655516A22EEEF6D00295D11 /* customPopupViewController.swift in Sources */,
				D655515722EEED0900295D11 /* ViewController.swift in Sources */,
				D655515322EEED0900295D11 /* AppDelegate.swift in Sources */,
				D655515522EEED0900295D11 /* SceneDelegate.swift in Sources */,
			);
			runOnlyForDeploymentPostprocessing = 0;
		};
/* End PBXSourcesBuildPhase section */

/* Begin PBXVariantGroup section */
		D655515822EEED0900295D11 /* Main.storyboard */ = {
			isa = PBXVariantGroup;
			children = (
				D655515922EEED0900295D11 /* Base */,
			);
			name = Main.storyboard;
			sourceTree = "<group>";
		};
		D655515D22EEED0A00295D11 /* LaunchScreen.storyboard */ = {
			isa = PBXVariantGroup;
			children = (
				D655515E22EEED0A00295D11 /* Base */,
			);
			name = LaunchScreen.storyboard;
			sourceTree = "<group>";
		};
/* End PBXVariantGroup section */

/* Begin XCBuildConfiguration section */
		D655516122EEED0A00295D11 /* Debug */ = {
			isa = XCBuildConfiguration;
			buildSettings = {
				ALWAYS_SEARCH_USER_PATHS = NO;
				CLANG_ANALYZER_NONNULL = YES;
				CLANG_ANALYZER_NUMBER_OBJECT_CONVERSION = YES_AGGRESSIVE;
				CLANG_CXX_LANGUAGE_STANDARD = "gnu++14";
				CLANG_CXX_LIBRARY = "libc++";
				CLANG_ENABLE_MODULES = YES;
				CLANG_ENABLE_OBJC_ARC = YES;
				CLANG_ENABLE_OBJC_WEAK = YES;
				CLANG_WARN_BLOCK_CAPTURE_AUTORELEASING = YES;
				CLANG_WARN_BOOL_CONVERSION = YES;
				CLANG_WARN_COMMA = YES;
				CLANG_WARN_CONSTANT_CONVERSION = YES;
				CLANG_WARN_DEPRECATED_OBJC_IMPLEMENTATIONS = YES;
				CLANG_WARN_DIRECT_OBJC_ISA_USAGE = YES_ERROR;
				CLANG_WARN_DOCUMENTATION_COMMENTS = YES;
				CLANG_WARN_EMPTY_BODY = YES;
				CLANG_WARN_ENUM_CONVERSION = YES;
				CLANG_WARN_INFINITE_RECURSION = YES;
				CLANG_WARN_INT_CONVERSION = YES;
				CLANG_WARN_NON_LITERAL_NULL_CONVERSION = YES;
				CLANG_WARN_OBJC_IMPLICIT_RETAIN_SELF = YES;
				CLANG_WARN_OBJC_LITERAL_CONVERSION = YES;
				CLANG_WARN_OBJC_ROOT_CLASS = YES_ERROR;
				CLANG_WARN_RANGE_LOOP_ANALYSIS = YES;
				CLANG_WARN_STRICT_PROTOTYPES = YES;
				CLANG_WARN_SUSPICIOUS_MOVE = YES;
				CLANG_WARN_UNGUARDED_AVAILABILITY = YES_AGGRESSIVE;
				CLANG_WARN_UNREACHABLE_CODE = YES;
				CLANG_WARN__DUPLICATE_METHOD_MATCH = YES;
				COPY_PHASE_STRIP = NO;
				DEBUG_INFORMATION_FORMAT = dwarf;
				ENABLE_STRICT_OBJC_MSGSEND = YES;
				ENABLE_TESTABILITY = YES;
				GCC_C_LANGUAGE_STANDARD = gnu11;
				GCC_DYNAMIC_NO_PIC = NO;
				GCC_NO_COMMON_BLOCKS = YES;
				GCC_OPTIMIZATION_LEVEL = 0;
				GCC_PREPROCESSOR_DEFINITIONS = (
					"DEBUG=1",
					"$(inherited)",
				);
				GCC_WARN_64_TO_32_BIT_CONVERSION = YES;
				GCC_WARN_ABOUT_RETURN_TYPE = YES_ERROR;
				GCC_WARN_UNDECLARED_SELECTOR = YES;
				GCC_WARN_UNINITIALIZED_AUTOS = YES_AGGRESSIVE;
				GCC_WARN_UNUSED_FUNCTION = YES;
				GCC_WARN_UNUSED_VARIABLE = YES;
				IPHONEOS_DEPLOYMENT_TARGET = 13.0;
				MTL_ENABLE_DEBUG_INFO = INCLUDE_SOURCE;
				MTL_FAST_MATH = YES;
				ONLY_ACTIVE_ARCH = NO;
				SDKROOT = iphoneos;
				SWIFT_ACTIVE_COMPILATION_CONDITIONS = DEBUG;
				SWIFT_OPTIMIZATION_LEVEL = "-Onone";
			};
			name = Debug;
		};
		D655516222EEED0A00295D11 /* Release */ = {
			isa = XCBuildConfiguration;
			buildSettings = {
				ALWAYS_SEARCH_USER_PATHS = NO;
				CLANG_ANALYZER_NONNULL = YES;
				CLANG_ANALYZER_NUMBER_OBJECT_CONVERSION = YES_AGGRESSIVE;
				CLANG_CXX_LANGUAGE_STANDARD = "gnu++14";
				CLANG_CXX_LIBRARY = "libc++";
				CLANG_ENABLE_MODULES = YES;
				CLANG_ENABLE_OBJC_ARC = YES;
				CLANG_ENABLE_OBJC_WEAK = YES;
				CLANG_WARN_BLOCK_CAPTURE_AUTORELEASING = YES;
				CLANG_WARN_BOOL_CONVERSION = YES;
				CLANG_WARN_COMMA = YES;
				CLANG_WARN_CONSTANT_CONVERSION = YES;
				CLANG_WARN_DEPRECATED_OBJC_IMPLEMENTATIONS = YES;
				CLANG_WARN_DIRECT_OBJC_ISA_USAGE = YES_ERROR;
				CLANG_WARN_DOCUMENTATION_COMMENTS = YES;
				CLANG_WARN_EMPTY_BODY = YES;
				CLANG_WARN_ENUM_CONVERSION = YES;
				CLANG_WARN_INFINITE_RECURSION = YES;
				CLANG_WARN_INT_CONVERSION = YES;
				CLANG_WARN_NON_LITERAL_NULL_CONVERSION = YES;
				CLANG_WARN_OBJC_IMPLICIT_RETAIN_SELF = YES;
				CLANG_WARN_OBJC_LITERAL_CONVERSION = YES;
				CLANG_WARN_OBJC_ROOT_CLASS = YES_ERROR;
				CLANG_WARN_RANGE_LOOP_ANALYSIS = YES;
				CLANG_WARN_STRICT_PROTOTYPES = YES;
				CLANG_WARN_SUSPICIOUS_MOVE = YES;
				CLANG_WARN_UNGUARDED_AVAILABILITY = YES_AGGRESSIVE;
				CLANG_WARN_UNREACHABLE_CODE = YES;
				CLANG_WARN__DUPLICATE_METHOD_MATCH = YES;
				COPY_PHASE_STRIP = NO;
				DEBUG_INFORMATION_FORMAT = "dwarf-with-dsym";
				ENABLE_NS_ASSERTIONS = NO;
				ENABLE_STRICT_OBJC_MSGSEND = YES;
				GCC_C_LANGUAGE_STANDARD = gnu11;
				GCC_NO_COMMON_BLOCKS = YES;
				GCC_WARN_64_TO_32_BIT_CONVERSION = YES;
				GCC_WARN_ABOUT_RETURN_TYPE = YES_ERROR;
				GCC_WARN_UNDECLARED_SELECTOR = YES;
				GCC_WARN_UNINITIALIZED_AUTOS = YES_AGGRESSIVE;
				GCC_WARN_UNUSED_FUNCTION = YES;
				GCC_WARN_UNUSED_VARIABLE = YES;
				IPHONEOS_DEPLOYMENT_TARGET = 13.0;
				MTL_ENABLE_DEBUG_INFO = NO;
				MTL_FAST_MATH = YES;
				ONLY_ACTIVE_ARCH = NO;
				SDKROOT = iphoneos;
				SWIFT_COMPILATION_MODE = wholemodule;
				SWIFT_OPTIMIZATION_LEVEL = "-O";
				VALIDATE_PRODUCT = YES;
			};
			name = Release;
		};
		D655516422EEED0A00295D11 /* Debug */ = {
			isa = XCBuildConfiguration;
			buildSettings = {
				ASSETCATALOG_COMPILER_APPICON_NAME = AppIcon;
				CODE_SIGN_STYLE = Automatic;
				DEVELOPMENT_TEAM = ACX3M6X8Z7;
				INFOPLIST_FILE = lab6_exercise/Info.plist;
				LD_RUNPATH_SEARCH_PATHS = (
					"$(inherited)",
					"@executable_path/Frameworks",
				);
				PRODUCT_BUNDLE_IDENTIFIER = "com.example.lab6-exercise";
				PRODUCT_NAME = "$(TARGET_NAME)";
				SWIFT_VERSION = 5.0;
				TARGETED_DEVICE_FAMILY = "1,2";
			};
			name = Debug;
		};
		D655516522EEED0A00295D11 /* Release */ = {
			isa = XCBuildConfiguration;
			buildSettings = {
				ASSETCATALOG_COMPILER_APPICON_NAME = AppIcon;
				CODE_SIGN_STYLE = Automatic;
				DEVELOPMENT_TEAM = ACX3M6X8Z7;
				INFOPLIST_FILE = lab6_exercise/Info.plist;
				LD_RUNPATH_SEARCH_PATHS = (
					"$(inherited)",
					"@executable_path/Frameworks",
				);
				PRODUCT_BUNDLE_IDENTIFIER = "com.example.lab6-exercise";
				PRODUCT_NAME = "$(TARGET_NAME)";
				SWIFT_VERSION = 5.0;
				TARGETED_DEVICE_FAMILY = "1,2";
			};
			name = Release;
		};
/* End XCBuildConfiguration section */

/* Begin XCConfigurationList section */
		D655514A22EEED0900295D11 /* Build configuration list for PBXProject "lab6_exercise" */ = {
			isa = XCConfigurationList;
			buildConfigurations = (
				D655516122EEED0A00295D11 /* Debug */,
				D655516222EEED0A00295D11 /* Release */,
			);
			defaultConfigurationIsVisible = 0;
			defaultConfigurationName = Release;
		};
		D655516322EEED0A00295D11 /* Build configuration list for PBXNativeTarget "lab6_exercise" */ = {
			isa = XCConfigurationList;
			buildConfigurations = (
				D655516422EEED0A00295D11 /* Debug */,
				D655516522EEED0A00295D11 /* Release */,
			);
			defaultConfigurationIsVisible = 0;
			defaultConfigurationName = Release;
		};
/* End XCConfigurationList section */
	};
	rootObject = D655514722EEED0900295D11 /* Project object */;
}
