// !$*UTF8*$!
{
	archiveVersion = 1;
	classes = {
	};
	objectVersion = 50;
	objects = {

/* Begin PBXBuildFile section */
		EB7EF501224B5D9800826EF1 /* MapKit.framework in Frameworks */ = {isa = PBXBuildFile; fileRef = EB7EF500224B5D9800826EF1 /* MapKit.framework */; };
		EB92D73E22460D6F001538F1 /* AppDelegate.m in Sources */ = {isa = PBXBuildFile; fileRef = EB92D73D22460D6F001538F1 /* AppDelegate.m */; };
		EB92D74122460D6F001538F1 /* ViewController.m in Sources */ = {isa = PBXBuildFile; fileRef = EB92D74022460D6F001538F1 /* ViewController.m */; };
		EB92D74422460D6F001538F1 /* Main.storyboard in Resources */ = {isa = PBXBuildFile; fileRef = EB92D74222460D6F001538F1 /* Main.storyboard */; };
		EB92D74622460D73001538F1 /* Assets.xcassets in Resources */ = {isa = PBXBuildFile; fileRef = EB92D74522460D73001538F1 /* Assets.xcassets */; };
		EB92D74922460D73001538F1 /* LaunchScreen.storyboard in Resources */ = {isa = PBXBuildFile; fileRef = EB92D74722460D73001538F1 /* LaunchScreen.storyboard */; };
		EB92D74C22460D73001538F1 /* main.m in Sources */ = {isa = PBXBuildFile; fileRef = EB92D74B22460D73001538F1 /* main.m */; };
/* End PBXBuildFile section */

/* Begin PBXFileReference section */
		EB7EF500224B5D9800826EF1 /* MapKit.framework */ = {isa = PBXFileReference; lastKnownFileType = wrapper.framework; name = MapKit.framework; path = System/Library/Frameworks/MapKit.framework; sourceTree = SDKROOT; };
		EB92D73922460D6F001538F1 /* Lab10-MKMap.app */ = {isa = PBXFileReference; explicitFileType = wrapper.application; includeInIndex = 0; path = "Lab10-MKMap.app"; sourceTree = BUILT_PRODUCTS_DIR; };
		EB92D73C22460D6F001538F1 /* AppDelegate.h */ = {isa = PBXFileReference; lastKnownFileType = sourcecode.c.h; path = AppDelegate.h; sourceTree = "<group>"; };
		EB92D73D22460D6F001538F1 /* AppDelegate.m */ = {isa = PBXFileReference; lastKnownFileType = sourcecode.c.objc; path = AppDelegate.m; sourceTree = "<group>"; };
		EB92D73F22460D6F001538F1 /* ViewController.h */ = {isa = PBXFileReference; lastKnownFileType = sourcecode.c.h; path = ViewController.h; sourceTree = "<group>"; };
		EB92D74022460D6F001538F1 /* ViewController.m */ = {isa = PBXFileReference; lastKnownFileType = sourcecode.c.objc; path = ViewController.m; sourceTree = "<group>"; };
		EB92D74322460D6F001538F1 /* Base */ = {isa = PBXFileReference; lastKnownFileType = file.storyboard; name = Base; path = Base.lproj/Main.storyboard; sourceTree = "<group>"; };
		EB92D74522460D73001538F1 /* Assets.xcassets */ = {isa = PBXFileReference; lastKnownFileType = folder.assetcatalog; path = Assets.xcassets; sourceTree = "<group>"; };
		EB92D74822460D73001538F1 /* Base */ = {isa = PBXFileReference; lastKnownFileType = file.storyboard; name = Base; path = Base.lproj/LaunchScreen.storyboard; sourceTree = "<group>"; };
		EB92D74A22460D73001538F1 /* Info.plist */ = {isa = PBXFileReference; lastKnownFileType = text.plist.xml; path = Info.plist; sourceTree = "<group>"; };
		EB92D74B22460D73001538F1 /* main.m */ = {isa = PBXFileReference; lastKnownFileType = sourcecode.c.objc; path = main.m; sourceTree = "<group>"; };
/* End PBXFileReference section */

/* Begin PBXFrameworksBuildPhase section */
		EB92D73622460D6F001538F1 /* Frameworks */ = {
			isa = PBXFrameworksBuildPhase;
			buildActionMask = 2147483647;
			files = (
				EB7EF501224B5D9800826EF1 /* MapKit.framework in Frameworks */,
			);
			runOnlyForDeploymentPostprocessing = 0;
		};
/* End PBXFrameworksBuildPhase section */

/* Begin PBXGroup section */
		EB7EF4FF224B5D9800826EF1 /* Frameworks */ = {
			isa = PBXGroup;
			children = (
				EB7EF500224B5D9800826EF1 /* MapKit.framework */,
			);
			name = Frameworks;
			sourceTree = "<group>";
		};
		EB92D73022460D6F001538F1 = {
			isa = PBXGroup;
			children = (
				EB92D73B22460D6F001538F1 /* Lab10-MKMap */,
				EB92D73A22460D6F001538F1 /* Products */,
				EB7EF4FF224B5D9800826EF1 /* Frameworks */,
			);
			sourceTree = "<group>";
		};
		EB92D73A22460D6F001538F1 /* Products */ = {
			isa = PBXGroup;
			children = (
				EB92D73922460D6F001538F1 /* Lab10-MKMap.app */,
			);
			name = Products;
			sourceTree = "<group>";
		};
		EB92D73B22460D6F001538F1 /* Lab10-MKMap */ = {
			isa = PBXGroup;
			children = (
				EB92D73C22460D6F001538F1 /* AppDelegate.h */,
				EB92D73D22460D6F001538F1 /* AppDelegate.m */,
				EB92D73F22460D6F001538F1 /* ViewController.h */,
				EB92D74022460D6F001538F1 /* ViewController.m */,
				EB92D74222460D6F001538F1 /* Main.storyboard */,
				EB92D74522460D73001538F1 /* Assets.xcassets */,
				EB92D74722460D73001538F1 /* LaunchScreen.storyboard */,
				EB92D74A22460D73001538F1 /* Info.plist */,
				EB92D74B22460D73001538F1 /* main.m */,
			);
			path = "Lab10-MKMap";
			sourceTree = "<group>";
		};
/* End PBXGroup section */

/* Begin PBXNativeTarget section */
		EB92D73822460D6F001538F1 /* Lab10-MKMap */ = {
			isa = PBXNativeTarget;
			buildConfigurationList = EB92D74F22460D73001538F1 /* Build configuration list for PBXNativeTarget "Lab10-MKMap" */;
			buildPhases = (
				EB92D73522460D6F001538F1 /* Sources */,
				EB92D73622460D6F001538F1 /* Frameworks */,
				EB92D73722460D6F001538F1 /* Resources */,
			);
			buildRules = (
			);
			dependencies = (
			);
			name = "Lab10-MKMap";
			productName = "Lab10-MKMap";
			productReference = EB92D73922460D6F001538F1 /* Lab10-MKMap.app */;
			productType = "com.apple.product-type.application";
		};
/* End PBXNativeTarget section */

/* Begin PBXProject section */
		EB92D73122460D6F001538F1 /* Project object */ = {
			isa = PBXProject;
			attributes = {
				LastUpgradeCheck = 1010;
				ORGANIZATIONNAME = "張力元";
				TargetAttributes = {
					EB92D73822460D6F001538F1 = {
						CreatedOnToolsVersion = 10.1;
						SystemCapabilities = {
							com.apple.Maps.iOS = {
								enabled = 1;
							};
						};
					};
				};
			};
			buildConfigurationList = EB92D73422460D6F001538F1 /* Build configuration list for PBXProject "Lab10-MKMap" */;
			compatibilityVersion = "Xcode 9.3";
			developmentRegion = en;
			hasScannedForEncodings = 0;
			knownRegions = (
				en,
				Base,
			);
			mainGroup = EB92D73022460D6F001538F1;
			productRefGroup = EB92D73A22460D6F001538F1 /* Products */;
			projectDirPath = "";
			projectRoot = "";
			targets = (
				EB92D73822460D6F001538F1 /* Lab10-MKMap */,
			);
		};
/* End PBXProject section */

/* Begin PBXResourcesBuildPhase section */
		EB92D73722460D6F001538F1 /* Resources */ = {
			isa = PBXResourcesBuildPhase;
			buildActionMask = 2147483647;
			files = (
				EB92D74922460D73001538F1 /* LaunchScreen.storyboard in Resources */,
				EB92D74622460D73001538F1 /* Assets.xcassets in Resources */,
				EB92D74422460D6F001538F1 /* Main.storyboard in Resources */,
			);
			runOnlyForDeploymentPostprocessing = 0;
		};
/* End PBXResourcesBuildPhase section */

/* Begin PBXSourcesBuildPhase section */
		EB92D73522460D6F001538F1 /* Sources */ = {
			isa = PBXSourcesBuildPhase;
			buildActionMask = 2147483647;
			files = (
				EB92D74122460D6F001538F1 /* ViewController.m in Sources */,
				EB92D74C22460D73001538F1 /* main.m in Sources */,
				EB92D73E22460D6F001538F1 /* AppDelegate.m in Sources */,
			);
			runOnlyForDeploymentPostprocessing = 0;
		};
/* End PBXSourcesBuildPhase section */

/* Begin PBXVariantGroup section */
		EB92D74222460D6F001538F1 /* Main.storyboard */ = {
			isa = PBXVariantGroup;
			children = (
				EB92D74322460D6F001538F1 /* Base */,
			);
			name = Main.storyboard;
			sourceTree = "<group>";
		};
		EB92D74722460D73001538F1 /* LaunchScreen.storyboard */ = {
			isa = PBXVariantGroup;
			children = (
				EB92D74822460D73001538F1 /* Base */,
			);
			name = LaunchScreen.storyboard;
			sourceTree = "<group>";
		};
/* End PBXVariantGroup section */

/* Begin XCBuildConfiguration section */
		EB92D74D22460D73001538F1 /* Debug */ = {
			isa = XCBuildConfiguration;
			buildSettings = {
				ALWAYS_SEARCH_USER_PATHS = NO;
				CLANG_ANALYZER_NONNULL = YES;
				CLANG_ANALYZER_NUMBER_OBJECT_CONVERSION = YES_AGGRESSIVE;
				CLANG_CXX_LANGUAGE_STANDARD = "gnu++14";
				CLANG_CXX_LIBRARY = "libc++";
				CLANG_ENABLE_MODULES = YES;
				CLANG_ENABLE_OBJC_ARC = YES;
				CLANG_ENABLE_OBJC_WEAK = YES;
				CLANG_WARN_BLOCK_CAPTURE_AUTORELEASING = YES;
				CLANG_WARN_BOOL_CONVERSION = YES;
				CLANG_WARN_COMMA = YES;
				CLANG_WARN_CONSTANT_CONVERSION = YES;
				CLANG_WARN_DEPRECATED_OBJC_IMPLEMENTATIONS = YES;
				CLANG_WARN_DIRECT_OBJC_ISA_USAGE = YES_ERROR;
				CLANG_WARN_DOCUMENTATION_COMMENTS = YES;
				CLANG_WARN_EMPTY_BODY = YES;
				CLANG_WARN_ENUM_CONVERSION = YES;
				CLANG_WARN_INFINITE_RECURSION = YES;
				CLANG_WARN_INT_CONVERSION = YES;
				CLANG_WARN_NON_LITERAL_NULL_CONVERSION = YES;
				CLANG_WARN_OBJC_IMPLICIT_RETAIN_SELF = YES;
				CLANG_WARN_OBJC_LITERAL_CONVERSION = YES;
				CLANG_WARN_OBJC_ROOT_CLASS = YES_ERROR;
				CLANG_WARN_RANGE_LOOP_ANALYSIS = YES;
				CLANG_WARN_STRICT_PROTOTYPES = YES;
				CLANG_WARN_SUSPICIOUS_MOVE = YES;
				CLANG_WARN_UNGUARDED_AVAILABILITY = YES_AGGRESSIVE;
				CLANG_WARN_UNREACHABLE_CODE = YES;
				CLANG_WARN__DUPLICATE_METHOD_MATCH = YES;
				CODE_SIGN_IDENTITY = "iPhone Developer";
				COPY_PHASE_STRIP = NO;
				DEBUG_INFORMATION_FORMAT = dwarf;
				ENABLE_STRICT_OBJC_MSGSEND = YES;
				ENABLE_TESTABILITY = YES;
				GCC_C_LANGUAGE_STANDARD = gnu11;
				GCC_DYNAMIC_NO_PIC = NO;
				GCC_NO_COMMON_BLOCKS = YES;
				GCC_OPTIMIZATION_LEVEL = 0;
				GCC_PREPROCESSOR_DEFINITIONS = (
					"DEBUG=1",
					"$(inherited)",
				);
				GCC_WARN_64_TO_32_BIT_CONVERSION = YES;
				GCC_WARN_ABOUT_RETURN_TYPE = YES_ERROR;
				GCC_WARN_UNDECLARED_SELECTOR = YES;
				GCC_WARN_UNINITIALIZED_AUTOS = YES_AGGRESSIVE;
				GCC_WARN_UNUSED_FUNCTION = YES;
				GCC_WARN_UNUSED_VARIABLE = YES;
				IPHONEOS_DEPLOYMENT_TARGET = 12.1;
				MTL_ENABLE_DEBUG_INFO = INCLUDE_SOURCE;
				MTL_FAST_MATH = YES;
				ONLY_ACTIVE_ARCH = YES;
				SDKROOT = iphoneos;
			};
			name = Debug;
		};
		EB92D74E22460D73001538F1 /* Release */ = {
			isa = XCBuildConfiguration;
			buildSettings = {
				ALWAYS_SEARCH_USER_PATHS = NO;
				CLANG_ANALYZER_NONNULL = YES;
				CLANG_ANALYZER_NUMBER_OBJECT_CONVERSION = YES_AGGRESSIVE;
				CLANG_CXX_LANGUAGE_STANDARD = "gnu++14";
				CLANG_CXX_LIBRARY = "libc++";
				CLANG_ENABLE_MODULES = YES;
				CLANG_ENABLE_OBJC_ARC = YES;
				CLANG_ENABLE_OBJC_WEAK = YES;
				CLANG_WARN_BLOCK_CAPTURE_AUTORELEASING = YES;
				CLANG_WARN_BOOL_CONVERSION = YES;
				CLANG_WARN_COMMA = YES;
				CLANG_WARN_CONSTANT_CONVERSION = YES;
				CLANG_WARN_DEPRECATED_OBJC_IMPLEMENTATIONS = YES;
				CLANG_WARN_DIRECT_OBJC_ISA_USAGE = YES_ERROR;
				CLANG_WARN_DOCUMENTATION_COMMENTS = YES;
				CLANG_WARN_EMPTY_BODY = YES;
				CLANG_WARN_ENUM_CONVERSION = YES;
				CLANG_WARN_INFINITE_RECURSION = YES;
				CLANG_WARN_INT_CONVERSION = YES;
				CLANG_WARN_NON_LITERAL_NULL_CONVERSION = YES;
				CLANG_WARN_OBJC_IMPLICIT_RETAIN_SELF = YES;
				CLANG_WARN_OBJC_LITERAL_CONVERSION = YES;
				CLANG_WARN_OBJC_ROOT_CLASS = YES_ERROR;
				CLANG_WARN_RANGE_LOOP_ANALYSIS = YES;
				CLANG_WARN_STRICT_PROTOTYPES = YES;
				CLANG_WARN_SUSPICIOUS_MOVE = YES;
				CLANG_WARN_UNGUARDED_AVAILABILITY = YES_AGGRESSIVE;
				CLANG_WARN_UNREACHABLE_CODE = YES;
				CLANG_WARN__DUPLICATE_METHOD_MATCH = YES;
				CODE_SIGN_IDENTITY = "iPhone Developer";
				COPY_PHASE_STRIP = NO;
				DEBUG_INFORMATION_FORMAT = "dwarf-with-dsym";
				ENABLE_NS_ASSERTIONS = NO;
				ENABLE_STRICT_OBJC_MSGSEND = YES;
				GCC_C_LANGUAGE_STANDARD = gnu11;
				GCC_NO_COMMON_BLOCKS = YES;
				GCC_WARN_64_TO_32_BIT_CONVERSION = YES;
				GCC_WARN_ABOUT_RETURN_TYPE = YES_ERROR;
				GCC_WARN_UNDECLARED_SELECTOR = YES;
				GCC_WARN_UNINITIALIZED_AUTOS = YES_AGGRESSIVE;
				GCC_WARN_UNUSED_FUNCTION = YES;
				GCC_WARN_UNUSED_VARIABLE = YES;
				IPHONEOS_DEPLOYMENT_TARGET = 12.1;
				MTL_ENABLE_DEBUG_INFO = NO;
				MTL_FAST_MATH = YES;
				SDKROOT = iphoneos;
				VALIDATE_PRODUCT = YES;
			};
			name = Release;
		};
		EB92D75022460D73001538F1 /* Debug */ = {
			isa = XCBuildConfiguration;
			buildSettings = {
				ASSETCATALOG_COMPILER_APPICON_NAME = AppIcon;
				CODE_SIGN_STYLE = Automatic;
				DEVELOPMENT_TEAM = 6TN33B4PXD;
				INFOPLIST_FILE = "Lab10-MKMap/Info.plist";
				IPHONEOS_DEPLOYMENT_TARGET = 11.3;
				LD_RUNPATH_SEARCH_PATHS = (
					"$(inherited)",
					"@executable_path/Frameworks",
				);
				PRODUCT_BUNDLE_IDENTIFIER = "order.Lab10-MKMap";
				PRODUCT_NAME = "$(TARGET_NAME)";
				TARGETED_DEVICE_FAMILY = "1,2";
			};
			name = Debug;
		};
		EB92D75122460D73001538F1 /* Release */ = {
			isa = XCBuildConfiguration;
			buildSettings = {
				ASSETCATALOG_COMPILER_APPICON_NAME = AppIcon;
				CODE_SIGN_STYLE = Automatic;
				DEVELOPMENT_TEAM = 6TN33B4PXD;
				INFOPLIST_FILE = "Lab10-MKMap/Info.plist";
				IPHONEOS_DEPLOYMENT_TARGET = 11.3;
				LD_RUNPATH_SEARCH_PATHS = (
					"$(inherited)",
					"@executable_path/Frameworks",
				);
				PRODUCT_BUNDLE_IDENTIFIER = "order.Lab10-MKMap";
				PRODUCT_NAME = "$(TARGET_NAME)";
				TARGETED_DEVICE_FAMILY = "1,2";
			};
			name = Release;
		};
/* End XCBuildConfiguration section */

/* Begin XCConfigurationList section */
		EB92D73422460D6F001538F1 /* Build configuration list for PBXProject "Lab10-MKMap" */ = {
			isa = XCConfigurationList;
			buildConfigurations = (
				EB92D74D22460D73001538F1 /* Debug */,
				EB92D74E22460D73001538F1 /* Release */,
			);
			defaultConfigurationIsVisible = 0;
			defaultConfigurationName = Release;
		};
		EB92D74F22460D73001538F1 /* Build configuration list for PBXNativeTarget "Lab10-MKMap" */ = {
			isa = XCConfigurationList;
			buildConfigurations = (
				EB92D75022460D73001538F1 /* Debug */,
				EB92D75122460D73001538F1 /* Release */,
			);
			defaultConfigurationIsVisible = 0;
			defaultConfigurationName = Release;
		};
/* End XCConfigurationList section */
	};
	rootObject = EB92D73122460D6F001538F1 /* Project object */;
}
