// !$*UTF8*$!
{
	archiveVersion = 1;
	classes = {
	};
	objectVersion = 50;
	objects = {

/* Begin PBXBuildFile section */
		EB6FC574230C3C0100C9877D /* AppDelegate.swift in Sources */ = {isa = PBXBuildFile; fileRef = EB6FC573230C3C0100C9877D /* AppDelegate.swift */; };
		EB6FC576230C3C0100C9877D /* SceneDelegate.swift in Sources */ = {isa = PBXBuildFile; fileRef = EB6FC575230C3C0100C9877D /* SceneDelegate.swift */; };
		EB6FC578230C3C0100C9877D /* ViewController.swift in Sources */ = {isa = PBXBuildFile; fileRef = EB6FC577230C3C0100C9877D /* ViewController.swift */; };
		EB6FC57B230C3C0100C9877D /* Main.storyboard in Resources */ = {isa = PBXBuildFile; fileRef = EB6FC579230C3C0100C9877D /* Main.storyboard */; };
		EB6FC57D230C3C0500C9877D /* Assets.xcassets in Resources */ = {isa = PBXBuildFile; fileRef = EB6FC57C230C3C0500C9877D /* Assets.xcassets */; };
		EB6FC580230C3C0500C9877D /* LaunchScreen.storyboard in Resources */ = {isa = PBXBuildFile; fileRef = EB6FC57E230C3C0500C9877D /* LaunchScreen.storyboard */; };
/* End PBXBuildFile section */

/* Begin PBXFileReference section */
		EB6FC570230C3C0100C9877D /* lab10.app */ = {isa = PBXFileReference; explicitFileType = wrapper.application; includeInIndex = 0; path = lab10.app; sourceTree = BUILT_PRODUCTS_DIR; };
		EB6FC573230C3C0100C9877D /* AppDelegate.swift */ = {isa = PBXFileReference; lastKnownFileType = sourcecode.swift; path = AppDelegate.swift; sourceTree = "<group>"; };
		EB6FC575230C3C0100C9877D /* SceneDelegate.swift */ = {isa = PBXFileReference; lastKnownFileType = sourcecode.swift; path = SceneDelegate.swift; sourceTree = "<group>"; };
		EB6FC577230C3C0100C9877D /* ViewController.swift */ = {isa = PBXFileReference; lastKnownFileType = sourcecode.swift; path = ViewController.swift; sourceTree = "<group>"; };
		EB6FC57A230C3C0100C9877D /* Base */ = {isa = PBXFileReference; lastKnownFileType = file.storyboard; name = Base; path = Base.lproj/Main.storyboard; sourceTree = "<group>"; };
		EB6FC57C230C3C0500C9877D /* Assets.xcassets */ = {isa = PBXFileReference; lastKnownFileType = folder.assetcatalog; path = Assets.xcassets; sourceTree = "<group>"; };
		EB6FC57F230C3C0500C9877D /* Base */ = {isa = PBXFileReference; lastKnownFileType = file.storyboard; name = Base; path = Base.lproj/LaunchScreen.storyboard; sourceTree = "<group>"; };
		EB6FC581230C3C0500C9877D /* Info.plist */ = {isa = PBXFileReference; lastKnownFileType = text.plist.xml; path = Info.plist; sourceTree = "<group>"; };
/* End PBXFileReference section */

/* Begin PBXFrameworksBuildPhase section */
		EB6FC56D230C3C0100C9877D /* Frameworks */ = {
			isa = PBXFrameworksBuildPhase;
			buildActionMask = 2147483647;
			files = (
			);
			runOnlyForDeploymentPostprocessing = 0;
		};
/* End PBXFrameworksBuildPhase section */

/* Begin PBXGroup section */
		EB6FC567230C3C0100C9877D = {
			isa = PBXGroup;
			children = (
				EB6FC572230C3C0100C9877D /* lab10 */,
				EB6FC571230C3C0100C9877D /* Products */,
			);
			sourceTree = "<group>";
		};
		EB6FC571230C3C0100C9877D /* Products */ = {
			isa = PBXGroup;
			children = (
				EB6FC570230C3C0100C9877D /* lab10.app */,
			);
			name = Products;
			sourceTree = "<group>";
		};
		EB6FC572230C3C0100C9877D /* lab10 */ = {
			isa = PBXGroup;
			children = (
				EB6FC573230C3C0100C9877D /* AppDelegate.swift */,
				EB6FC575230C3C0100C9877D /* SceneDelegate.swift */,
				EB6FC577230C3C0100C9877D /* ViewController.swift */,
				EB6FC579230C3C0100C9877D /* Main.storyboard */,
				EB6FC57C230C3C0500C9877D /* Assets.xcassets */,
				EB6FC57E230C3C0500C9877D /* LaunchScreen.storyboard */,
				EB6FC581230C3C0500C9877D /* Info.plist */,
			);
			path = lab10;
			sourceTree = "<group>";
		};
/* End PBXGroup section */

/* Begin PBXNativeTarget section */
		EB6FC56F230C3C0100C9877D /* lab10 */ = {
			isa = PBXNativeTarget;
			buildConfigurationList = EB6FC584230C3C0500C9877D /* Build configuration list for PBXNativeTarget "lab10" */;
			buildPhases = (
				EB6FC56C230C3C0100C9877D /* Sources */,
				EB6FC56D230C3C0100C9877D /* Frameworks */,
				EB6FC56E230C3C0100C9877D /* Resources */,
			);
			buildRules = (
			);
			dependencies = (
			);
			name = lab10;
			productName = lab10;
			productReference = EB6FC570230C3C0100C9877D /* lab10.app */;
			productType = "com.apple.product-type.application";
		};
/* End PBXNativeTarget section */

/* Begin PBXProject section */
		EB6FC568230C3C0100C9877D /* Project object */ = {
			isa = PBXProject;
			attributes = {
				LastSwiftUpdateCheck = 1100;
				LastUpgradeCheck = 1100;
				ORGANIZATIONNAME = "張力元";
				TargetAttributes = {
					EB6FC56F230C3C0100C9877D = {
						CreatedOnToolsVersion = 11.0;
					};
				};
			};
			buildConfigurationList = EB6FC56B230C3C0100C9877D /* Build configuration list for PBXProject "lab10" */;
			compatibilityVersion = "Xcode 9.3";
			developmentRegion = en;
			hasScannedForEncodings = 0;
			knownRegions = (
				en,
				Base,
			);
			mainGroup = EB6FC567230C3C0100C9877D;
			productRefGroup = EB6FC571230C3C0100C9877D /* Products */;
			projectDirPath = "";
			projectRoot = "";
			targets = (
				EB6FC56F230C3C0100C9877D /* lab10 */,
			);
		};
/* End PBXProject section */

/* Begin PBXResourcesBuildPhase section */
		EB6FC56E230C3C0100C9877D /* Resources */ = {
			isa = PBXResourcesBuildPhase;
			buildActionMask = 2147483647;
			files = (
				EB6FC580230C3C0500C9877D /* LaunchScreen.storyboard in Resources */,
				EB6FC57D230C3C0500C9877D /* Assets.xcassets in Resources */,
				EB6FC57B230C3C0100C9877D /* Main.storyboard in Resources */,
			);
			runOnlyForDeploymentPostprocessing = 0;
		};
/* End PBXResourcesBuildPhase section */

/* Begin PBXSourcesBuildPhase section */
		EB6FC56C230C3C0100C9877D /* Sources */ = {
			isa = PBXSourcesBuildPhase;
			buildActionMask = 2147483647;
			files = (
				EB6FC578230C3C0100C9877D /* ViewController.swift in Sources */,
				EB6FC574230C3C0100C9877D /* AppDelegate.swift in Sources */,
				EB6FC576230C3C0100C9877D /* SceneDelegate.swift in Sources */,
			);
			runOnlyForDeploymentPostprocessing = 0;
		};
/* End PBXSourcesBuildPhase section */

/* Begin PBXVariantGroup section */
		EB6FC579230C3C0100C9877D /* Main.storyboard */ = {
			isa = PBXVariantGroup;
			children = (
				EB6FC57A230C3C0100C9877D /* Base */,
			);
			name = Main.storyboard;
			sourceTree = "<group>";
		};
		EB6FC57E230C3C0500C9877D /* LaunchScreen.storyboard */ = {
			isa = PBXVariantGroup;
			children = (
				EB6FC57F230C3C0500C9877D /* Base */,
			);
			name = LaunchScreen.storyboard;
			sourceTree = "<group>";
		};
/* End PBXVariantGroup section */

/* Begin XCBuildConfiguration section */
		EB6FC582230C3C0500C9877D /* Debug */ = {
			isa = XCBuildConfiguration;
			buildSettings = {
				ALWAYS_SEARCH_USER_PATHS = NO;
				CLANG_ANALYZER_NONNULL = YES;
				CLANG_ANALYZER_NUMBER_OBJECT_CONVERSION = YES_AGGRESSIVE;
				CLANG_CXX_LANGUAGE_STANDARD = "gnu++14";
				CLANG_CXX_LIBRARY = "libc++";
				CLANG_ENABLE_MODULES = YES;
				CLANG_ENABLE_OBJC_ARC = YES;
				CLANG_ENABLE_OBJC_WEAK = YES;
				CLANG_WARN_BLOCK_CAPTURE_AUTORELEASING = YES;
				CLANG_WARN_BOOL_CONVERSION = YES;
				CLANG_WARN_COMMA = YES;
				CLANG_WARN_CONSTANT_CONVERSION = YES;
				CLANG_WARN_DEPRECATED_OBJC_IMPLEMENTATIONS = YES;
				CLANG_WARN_DIRECT_OBJC_ISA_USAGE = YES_ERROR;
				CLANG_WARN_DOCUMENTATION_COMMENTS = YES;
				CLANG_WARN_EMPTY_BODY = YES;
				CLANG_WARN_ENUM_CONVERSION = YES;
				CLANG_WARN_INFINITE_RECURSION = YES;
				CLANG_WARN_INT_CONVERSION = YES;
				CLANG_WARN_NON_LITERAL_NULL_CONVERSION = YES;
				CLANG_WARN_OBJC_IMPLICIT_RETAIN_SELF = YES;
				CLANG_WARN_OBJC_LITERAL_CONVERSION = YES;
				CLANG_WARN_OBJC_ROOT_CLASS = YES_ERROR;
				CLANG_WARN_RANGE_LOOP_ANALYSIS = YES;
				CLANG_WARN_STRICT_PROTOTYPES = YES;
				CLANG_WARN_SUSPICIOUS_MOVE = YES;
				CLANG_WARN_UNGUARDED_AVAILABILITY = YES_AGGRESSIVE;
				CLANG_WARN_UNREACHABLE_CODE = YES;
				CLANG_WARN__DUPLICATE_METHOD_MATCH = YES;
				COPY_PHASE_STRIP = NO;
				DEBUG_INFORMATION_FORMAT = dwarf;
				ENABLE_STRICT_OBJC_MSGSEND = YES;
				ENABLE_TESTABILITY = YES;
				GCC_C_LANGUAGE_STANDARD = gnu11;
				GCC_DYNAMIC_NO_PIC = NO;
				GCC_NO_COMMON_BLOCKS = YES;
				GCC_OPTIMIZATION_LEVEL = 0;
				GCC_PREPROCESSOR_DEFINITIONS = (
					"DEBUG=1",
					"$(inherited)",
				);
				GCC_WARN_64_TO_32_BIT_CONVERSION = YES;
				GCC_WARN_ABOUT_RETURN_TYPE = YES_ERROR;
				GCC_WARN_UNDECLARED_SELECTOR = YES;
				GCC_WARN_UNINITIALIZED_AUTOS = YES_AGGRESSIVE;
				GCC_WARN_UNUSED_FUNCTION = YES;
				GCC_WARN_UNUSED_VARIABLE = YES;
				IPHONEOS_DEPLOYMENT_TARGET = 13.0;
				MTL_ENABLE_DEBUG_INFO = INCLUDE_SOURCE;
				MTL_FAST_MATH = YES;
				ONLY_ACTIVE_ARCH = YES;
				SDKROOT = iphoneos;
				SWIFT_ACTIVE_COMPILATION_CONDITIONS = DEBUG;
				SWIFT_OPTIMIZATION_LEVEL = "-Onone";
			};
			name = Debug;
		};
		EB6FC583230C3C0500C9877D /* Release */ = {
			isa = XCBuildConfiguration;
			buildSettings = {
				ALWAYS_SEARCH_USER_PATHS = NO;
				CLANG_ANALYZER_NONNULL = YES;
				CLANG_ANALYZER_NUMBER_OBJECT_CONVERSION = YES_AGGRESSIVE;
				CLANG_CXX_LANGUAGE_STANDARD = "gnu++14";
				CLANG_CXX_LIBRARY = "libc++";
				CLANG_ENABLE_MODULES = YES;
				CLANG_ENABLE_OBJC_ARC = YES;
				CLANG_ENABLE_OBJC_WEAK = YES;
				CLANG_WARN_BLOCK_CAPTURE_AUTORELEASING = YES;
				CLANG_WARN_BOOL_CONVERSION = YES;
				CLANG_WARN_COMMA = YES;
				CLANG_WARN_CONSTANT_CONVERSION = YES;
				CLANG_WARN_DEPRECATED_OBJC_IMPLEMENTATIONS = YES;
				CLANG_WARN_DIRECT_OBJC_ISA_USAGE = YES_ERROR;
				CLANG_WARN_DOCUMENTATION_COMMENTS = YES;
				CLANG_WARN_EMPTY_BODY = YES;
				CLANG_WARN_ENUM_CONVERSION = YES;
				CLANG_WARN_INFINITE_RECURSION = YES;
				CLANG_WARN_INT_CONVERSION = YES;
				CLANG_WARN_NON_LITERAL_NULL_CONVERSION = YES;
				CLANG_WARN_OBJC_IMPLICIT_RETAIN_SELF = YES;
				CLANG_WARN_OBJC_LITERAL_CONVERSION = YES;
				CLANG_WARN_OBJC_ROOT_CLASS = YES_ERROR;
				CLANG_WARN_RANGE_LOOP_ANALYSIS = YES;
				CLANG_WARN_STRICT_PROTOTYPES = YES;
				CLANG_WARN_SUSPICIOUS_MOVE = YES;
				CLANG_WARN_UNGUARDED_AVAILABILITY = YES_AGGRESSIVE;
				CLANG_WARN_UNREACHABLE_CODE = YES;
				CLANG_WARN__DUPLICATE_METHOD_MATCH = YES;
				COPY_PHASE_STRIP = NO;
				DEBUG_INFORMATION_FORMAT = "dwarf-with-dsym";
				ENABLE_NS_ASSERTIONS = NO;
				ENABLE_STRICT_OBJC_MSGSEND = YES;
				GCC_C_LANGUAGE_STANDARD = gnu11;
				GCC_NO_COMMON_BLOCKS = YES;
				GCC_WARN_64_TO_32_BIT_CONVERSION = YES;
				GCC_WARN_ABOUT_RETURN_TYPE = YES_ERROR;
				GCC_WARN_UNDECLARED_SELECTOR = YES;
				GCC_WARN_UNINITIALIZED_AUTOS = YES_AGGRESSIVE;
				GCC_WARN_UNUSED_FUNCTION = YES;
				GCC_WARN_UNUSED_VARIABLE = YES;
				IPHONEOS_DEPLOYMENT_TARGET = 13.0;
				MTL_ENABLE_DEBUG_INFO = NO;
				MTL_FAST_MATH = YES;
				SDKROOT = iphoneos;
				SWIFT_COMPILATION_MODE = wholemodule;
				SWIFT_OPTIMIZATION_LEVEL = "-O";
				VALIDATE_PRODUCT = YES;
			};
			name = Release;
		};
		EB6FC585230C3C0500C9877D /* Debug */ = {
			isa = XCBuildConfiguration;
			buildSettings = {
				ASSETCATALOG_COMPILER_APPICON_NAME = AppIcon;
				CODE_SIGN_STYLE = Automatic;
				DEVELOPMENT_TEAM = 6TN33B4PXD;
				INFOPLIST_FILE = lab10/Info.plist;
				LD_RUNPATH_SEARCH_PATHS = (
					"$(inherited)",
					"@executable_path/Frameworks",
				);
				PRODUCT_BUNDLE_IDENTIFIER = order.lab10;
				PRODUCT_NAME = "$(TARGET_NAME)";
				SWIFT_VERSION = 5.0;
				TARGETED_DEVICE_FAMILY = "1,2";
			};
			name = Debug;
		};
		EB6FC586230C3C0500C9877D /* Release */ = {
			isa = XCBuildConfiguration;
			buildSettings = {
				ASSETCATALOG_COMPILER_APPICON_NAME = AppIcon;
				CODE_SIGN_STYLE = Automatic;
				DEVELOPMENT_TEAM = 6TN33B4PXD;
				INFOPLIST_FILE = lab10/Info.plist;
				LD_RUNPATH_SEARCH_PATHS = (
					"$(inherited)",
					"@executable_path/Frameworks",
				);
				PRODUCT_BUNDLE_IDENTIFIER = order.lab10;
				PRODUCT_NAME = "$(TARGET_NAME)";
				SWIFT_VERSION = 5.0;
				TARGETED_DEVICE_FAMILY = "1,2";
			};
			name = Release;
		};
/* End XCBuildConfiguration section */

/* Begin XCConfigurationList section */
		EB6FC56B230C3C0100C9877D /* Build configuration list for PBXProject "lab10" */ = {
			isa = XCConfigurationList;
			buildConfigurations = (
				EB6FC582230C3C0500C9877D /* Debug */,
				EB6FC583230C3C0500C9877D /* Release */,
			);
			defaultConfigurationIsVisible = 0;
			defaultConfigurationName = Release;
		};
		EB6FC584230C3C0500C9877D /* Build configuration list for PBXNativeTarget "lab10" */ = {
			isa = XCConfigurationList;
			buildConfigurations = (
				EB6FC585230C3C0500C9877D /* Debug */,
				EB6FC586230C3C0500C9877D /* Release */,
			);
			defaultConfigurationIsVisible = 0;
			defaultConfigurationName = Release;
		};
/* End XCConfigurationList section */
	};
	rootObject = EB6FC568230C3C0100C9877D /* Project object */;
}
